# This file was autogenerated by Stack.
# You should not edit this file by hand.
# For more information, please see the documentation at:
#   https://docs.haskellstack.org/en/stable/topics/lock_files

packages:
- completed:
    hackage: clock-0.8.4@sha256:b938655b00cf204ce69abfff946021bed111d2609a9f7a9c22e28a1a202e9115,4631
    pantry-tree:
      sha256: 0ca511f7ea409e65a9de5539f265bb906a3eec6a4ac1a201731a8a328120cc88
      size: 499
  original:
    hackage: clock-0.8.4
snapshots:
- completed:
    sha256: 60e54c1ba3c1e7163acf6dafa9d56b2d3b23f88a31ad53a1c9d888f32561f8da
    size: 639819
    url: https://raw.githubusercontent.com/commercialhaskell/stackage-snapshots/master/lts/21/14.yaml
  original: lts-21.14
